
Microsoft Visual Studio Solution File, Format Version 12.00
# Visual Studio 2013
VisualStudioVersion = 12.0.31101.0
MinimumVisualStudioVersion = 10.0.40219.1
Project("{FAE04EC0-301F-11D3-BF4B-00C04F79EFBC}") = "DigitR.UI", "ImageR\DigitR.UI.csproj", "{5A9E140B-5BC8-4C0A-BD15-41B9F45AB18F}"
EndProject
Project("{FAE04EC0-301F-11D3-BF4B-00C04F79EFBC}") = "DigitR.Core", "DigitR.Core\DigitR.Core.csproj", "{139B9822-A9E9-40A6-AECB-0EB31DC8006B}"
EndProject
Project("{FAE04EC0-301F-11D3-BF4B-00C04F79EFBC}") = "DigitR.Core.NeuralNetwork.InputProvider", "DigitR.Core.Input\DigitR.Core.NeuralNetwork.InputProvider.csproj", "{76ABC8AD-EF75-4C78-91B3-5E95962C9F8B}"
EndProject
Project("{FAE04EC0-301F-11D3-BF4B-00C04F79EFBC}") = "DigitR.Core.NeuralNetwork.OutputProvider", "DigitR.Core.Output\DigitR.Core.NeuralNetwork.OutputProvider.csproj", "{2CD80329-D61C-4D31-A5E0-51D24A544748}"
EndProject
Project("{FAE04EC0-301F-11D3-BF4B-00C04F79EFBC}") = "DigitR.NeuralNetwork.Cnn", "DigitR.Core.NeuralNetwork.Cnn\DigitR.NeuralNetwork.Cnn.csproj", "{B0F8B8B2-6F81-46E8-A108-968DE58AB0F3}"
EndProject
Project("{FAE04EC0-301F-11D3-BF4B-00C04F79EFBC}") = "DigitR.Core.NeuralNetwork", "DigitR.Core.NeuralNetwork\DigitR.Core.NeuralNetwork.csproj", "{9B7196B6-9887-44FD-8B5A-1D16A8D6683A}"
EndProject
Project("{FAE04EC0-301F-11D3-BF4B-00C04F79EFBC}") = "DigitR.NeuralNetwork.InputProvider.Training.Mnist", "DigitR.Core.InputProvider.Mnist\DigitR.NeuralNetwork.InputProvider.Training.Mnist.csproj", "{970D5E43-4C7A-4598-AD75-7D9C6E84D411}"
EndProject
Project("{FAE04EC0-301F-11D3-BF4B-00C04F79EFBC}") = "DigitR.Common.Logging", "DigitR.Common.Logging\DigitR.Common.Logging.csproj", "{D8BB1F75-69EA-4AB5-94A3-45F1CA874472}"
EndProject
Project("{FAE04EC0-301F-11D3-BF4B-00C04F79EFBC}") = "DigitR.Common.Dependencies", "DigitR.Common.Dependencies\DigitR.Common.Dependencies.csproj", "{A7DBF39F-6251-4E2E-A8D2-1FF8A1FF9F80}"
EndProject
Global
	GlobalSection(SolutionConfigurationPlatforms) = preSolution
		Debug|Any CPU = Debug|Any CPU
		Release|Any CPU = Release|Any CPU
	EndGlobalSection
	GlobalSection(ProjectConfigurationPlatforms) = postSolution
		{5A9E140B-5BC8-4C0A-BD15-41B9F45AB18F}.Debug|Any CPU.ActiveCfg = Debug|Any CPU
		{5A9E140B-5BC8-4C0A-BD15-41B9F45AB18F}.Debug|Any CPU.Build.0 = Debug|Any CPU
		{5A9E140B-5BC8-4C0A-BD15-41B9F45AB18F}.Release|Any CPU.ActiveCfg = Release|Any CPU
		{5A9E140B-5BC8-4C0A-BD15-41B9F45AB18F}.Release|Any CPU.Build.0 = Release|Any CPU
		{139B9822-A9E9-40A6-AECB-0EB31DC8006B}.Debug|Any CPU.ActiveCfg = Debug|Any CPU
		{139B9822-A9E9-40A6-AECB-0EB31DC8006B}.Debug|Any CPU.Build.0 = Debug|Any CPU
		{139B9822-A9E9-40A6-AECB-0EB31DC8006B}.Release|Any CPU.ActiveCfg = Release|Any CPU
		{139B9822-A9E9-40A6-AECB-0EB31DC8006B}.Release|Any CPU.Build.0 = Release|Any CPU
		{76ABC8AD-EF75-4C78-91B3-5E95962C9F8B}.Debug|Any CPU.ActiveCfg = Debug|Any CPU
		{76ABC8AD-EF75-4C78-91B3-5E95962C9F8B}.Debug|Any CPU.Build.0 = Debug|Any CPU
		{76ABC8AD-EF75-4C78-91B3-5E95962C9F8B}.Release|Any CPU.ActiveCfg = Release|Any CPU
		{76ABC8AD-EF75-4C78-91B3-5E95962C9F8B}.Release|Any CPU.Build.0 = Release|Any CPU
		{2CD80329-D61C-4D31-A5E0-51D24A544748}.Debug|Any CPU.ActiveCfg = Debug|Any CPU
		{2CD80329-D61C-4D31-A5E0-51D24A544748}.Debug|Any CPU.Build.0 = Debug|Any CPU
		{2CD80329-D61C-4D31-A5E0-51D24A544748}.Release|Any CPU.ActiveCfg = Release|Any CPU
		{2CD80329-D61C-4D31-A5E0-51D24A544748}.Release|Any CPU.Build.0 = Release|Any CPU
		{B0F8B8B2-6F81-46E8-A108-968DE58AB0F3}.Debug|Any CPU.ActiveCfg = Debug|Any CPU
		{B0F8B8B2-6F81-46E8-A108-968DE58AB0F3}.Debug|Any CPU.Build.0 = Debug|Any CPU
		{B0F8B8B2-6F81-46E8-A108-968DE58AB0F3}.Release|Any CPU.ActiveCfg = Release|Any CPU
		{B0F8B8B2-6F81-46E8-A108-968DE58AB0F3}.Release|Any CPU.Build.0 = Release|Any CPU
		{9B7196B6-9887-44FD-8B5A-1D16A8D6683A}.Debug|Any CPU.ActiveCfg = Debug|Any CPU
		{9B7196B6-9887-44FD-8B5A-1D16A8D6683A}.Debug|Any CPU.Build.0 = Debug|Any CPU
		{9B7196B6-9887-44FD-8B5A-1D16A8D6683A}.Release|Any CPU.ActiveCfg = Release|Any CPU
		{9B7196B6-9887-44FD-8B5A-1D16A8D6683A}.Release|Any CPU.Build.0 = Release|Any CPU
		{970D5E43-4C7A-4598-AD75-7D9C6E84D411}.Debug|Any CPU.ActiveCfg = Debug|Any CPU
		{970D5E43-4C7A-4598-AD75-7D9C6E84D411}.Debug|Any CPU.Build.0 = Debug|Any CPU
		{970D5E43-4C7A-4598-AD75-7D9C6E84D411}.Release|Any CPU.ActiveCfg = Release|Any CPU
		{970D5E43-4C7A-4598-AD75-7D9C6E84D411}.Release|Any CPU.Build.0 = Release|Any CPU
		{D8BB1F75-69EA-4AB5-94A3-45F1CA874472}.Debug|Any CPU.ActiveCfg = Debug|Any CPU
		{D8BB1F75-69EA-4AB5-94A3-45F1CA874472}.Debug|Any CPU.Build.0 = Debug|Any CPU
		{D8BB1F75-69EA-4AB5-94A3-45F1CA874472}.Release|Any CPU.ActiveCfg = Release|Any CPU
		{D8BB1F75-69EA-4AB5-94A3-45F1CA874472}.Release|Any CPU.Build.0 = Release|Any CPU
		{A7DBF39F-6251-4E2E-A8D2-1FF8A1FF9F80}.Debug|Any CPU.ActiveCfg = Debug|Any CPU
		{A7DBF39F-6251-4E2E-A8D2-1FF8A1FF9F80}.Debug|Any CPU.Build.0 = Debug|Any CPU
		{A7DBF39F-6251-4E2E-A8D2-1FF8A1FF9F80}.Release|Any CPU.ActiveCfg = Release|Any CPU
		{A7DBF39F-6251-4E2E-A8D2-1FF8A1FF9F80}.Release|Any CPU.Build.0 = Release|Any CPU
	EndGlobalSection
	GlobalSection(SolutionProperties) = preSolution
		HideSolutionNode = FALSE
	EndGlobalSection
EndGlobal
