
Microsoft Visual Studio Solution File, Format Version 12.00
# Visual Studio 14
VisualStudioVersion = 14.0.23107.0
MinimumVisualStudioVersion = 10.0.40219.1
Project("{FAE04EC0-301F-11D3-BF4B-00C04F79EFBC}") = "Main.UI", "src\Main.Ui\Main.UI.csproj", "{5A9E140B-5BC8-4C0A-BD15-41B9F45AB18F}"
	ProjectSection(ProjectDependencies) = postProject
		{68DC4019-9E19-40A3-9FC4-1E563BCF4D97} = {68DC4019-9E19-40A3-9FC4-1E563BCF4D97}
		{2CD80329-D61C-4D31-A5E0-51D24A544748} = {2CD80329-D61C-4D31-A5E0-51D24A544748}
		{AA87413A-B156-4ED9-970B-4027FD7FAB5A} = {AA87413A-B156-4ED9-970B-4027FD7FAB5A}
		{84043B3E-FF9E-47F5-AB26-AE57F8D2585D} = {84043B3E-FF9E-47F5-AB26-AE57F8D2585D}
		{970D5E43-4C7A-4598-AD75-7D9C6E84D411} = {970D5E43-4C7A-4598-AD75-7D9C6E84D411}
		{C00B7060-A56F-4F4B-AC01-F6BBD2E1595D} = {C00B7060-A56F-4F4B-AC01-F6BBD2E1595D}
		{B6A8C661-3984-46F3-AD2A-683659B0A6FD} = {B6A8C661-3984-46F3-AD2A-683659B0A6FD}
		{D8BB1F75-69EA-4AB5-94A3-45F1CA874472} = {D8BB1F75-69EA-4AB5-94A3-45F1CA874472}
		{76ABC8AD-EF75-4C78-91B3-5E95962C9F8B} = {76ABC8AD-EF75-4C78-91B3-5E95962C9F8B}
		{B0F8B8B2-6F81-46E8-A108-968DE58AB0F3} = {B0F8B8B2-6F81-46E8-A108-968DE58AB0F3}
		{9B7196B6-9887-44FD-8B5A-1D16A8D6683A} = {9B7196B6-9887-44FD-8B5A-1D16A8D6683A}
		{8DA109BB-4E0B-4DB7-A6DB-1B2FE6490505} = {8DA109BB-4E0B-4DB7-A6DB-1B2FE6490505}
	EndProjectSection
EndProject
Project("{FAE04EC0-301F-11D3-BF4B-00C04F79EFBC}") = "Core.NeuralNetwork.InputProvider", "src\Core.Input\Core.NeuralNetwork.InputProvider.csproj", "{76ABC8AD-EF75-4C78-91B3-5E95962C9F8B}"
EndProject
Project("{FAE04EC0-301F-11D3-BF4B-00C04F79EFBC}") = "Core.NeuralNetwork.OutputProvider", "src\Core.Output\Core.NeuralNetwork.OutputProvider.csproj", "{2CD80329-D61C-4D31-A5E0-51D24A544748}"
EndProject
Project("{FAE04EC0-301F-11D3-BF4B-00C04F79EFBC}") = "NeuralNetwork.Cnn", "src\Core.NeuralNetwork.Cnn\NeuralNetwork.Cnn.csproj", "{B0F8B8B2-6F81-46E8-A108-968DE58AB0F3}"
EndProject
Project("{FAE04EC0-301F-11D3-BF4B-00C04F79EFBC}") = "Core.NeuralNetwork", "src\Core.NeuralNetwork\Core.NeuralNetwork.csproj", "{9B7196B6-9887-44FD-8B5A-1D16A8D6683A}"
EndProject
Project("{FAE04EC0-301F-11D3-BF4B-00C04F79EFBC}") = "NeuralNetwork.InputProvider.Training.Mnist", "src\Core.InputProvider.Mnist\NeuralNetwork.InputProvider.Training.Mnist.csproj", "{970D5E43-4C7A-4598-AD75-7D9C6E84D411}"
EndProject
Project("{FAE04EC0-301F-11D3-BF4B-00C04F79EFBC}") = "Core.Common.Logging", "src\Common.Logging\Core.Common.Logging.csproj", "{D8BB1F75-69EA-4AB5-94A3-45F1CA874472}"
EndProject
Project("{FAE04EC0-301F-11D3-BF4B-00C04F79EFBC}") = "NeuralNetwork.OutputProvider.Gui", "src\NeuralNetwork.OutputProvider.Text\NeuralNetwork.OutputProvider.Gui.csproj", "{AA87413A-B156-4ED9-970B-4027FD7FAB5A}"
EndProject
Project("{FAE04EC0-301F-11D3-BF4B-00C04F79EFBC}") = "NeuralNetwork.Cnn.Serializer", "src\NeuralNetwork.Cnn.Serializer\NeuralNetwork.Cnn.Serializer.csproj", "{84043B3E-FF9E-47F5-AB26-AE57F8D2585D}"
EndProject
Project("{FAE04EC0-301F-11D3-BF4B-00C04F79EFBC}") = "Core.NeuralNetwork.Serializer", "src\Core.NeuralNetwork.Serializer\Core.NeuralNetwork.Serializer.csproj", "{C00B7060-A56F-4F4B-AC01-F6BBD2E1595D}"
EndProject
Project("{FAE04EC0-301F-11D3-BF4B-00C04F79EFBC}") = "NeuralNetwork.InputProvider.Processing.Bitmap", "src\NeuralNetwork.InputProvider.Processing.File\NeuralNetwork.InputProvider.Processing.Bitmap.csproj", "{8DA109BB-4E0B-4DB7-A6DB-1B2FE6490505}"
EndProject
Project("{FAE04EC0-301F-11D3-BF4B-00C04F79EFBC}") = "Core.Common.Image", "src\Core.Common.Image\Core.Common.Image.csproj", "{68DC4019-9E19-40A3-9FC4-1E563BCF4D97}"
EndProject
Project("{FAE04EC0-301F-11D3-BF4B-00C04F79EFBC}") = "NeuralNetwork.Cnn.Algorithm.BackPropagation.Test", "tests\NeuralNetwork.Cnn.Algorithm.BackPropagation.Test\NeuralNetwork.Cnn.Algorithm.BackPropagation.Test.csproj", "{B6A8C661-3984-46F3-AD2A-683659B0A6FD}"
EndProject
Project("{FAE04EC0-301F-11D3-BF4B-00C04F79EFBC}") = "NeuralNetwork.Cnn.Algorithm.BackPropagation", "src\NeuralNetwork.Cnn.Algorithm.BackPropagation\NeuralNetwork.Cnn.Algorithm.BackPropagation.csproj", "{369AC71F-DF68-48A6-B495-858374E56B9E}"
EndProject
Project("{FAE04EC0-301F-11D3-BF4B-00C04F79EFBC}") = "Core.NeuralNetwork.Test", "tests\NeuralNetwork.Cnn.Test\Core.NeuralNetwork.Test.csproj", "{8AFBB7BA-D67A-4E1E-B7CB-A85C290C02F2}"
EndProject
Project("{2150E333-8FDC-42A3-9474-1A3956D46DE8}") = "src", "src", "{26C1B067-003A-4B57-8626-5070EAD35399}"
EndProject
Project("{2150E333-8FDC-42A3-9474-1A3956D46DE8}") = "tests", "tests", "{DC90B304-2FAA-4224-8839-E7ADDC5DD37E}"
EndProject
Global
	GlobalSection(SolutionConfigurationPlatforms) = preSolution
		Debug|Any CPU = Debug|Any CPU
		Release|Any CPU = Release|Any CPU
	EndGlobalSection
	GlobalSection(ProjectConfigurationPlatforms) = postSolution
		{5A9E140B-5BC8-4C0A-BD15-41B9F45AB18F}.Debug|Any CPU.ActiveCfg = Debug|Any CPU
		{5A9E140B-5BC8-4C0A-BD15-41B9F45AB18F}.Debug|Any CPU.Build.0 = Debug|Any CPU
		{5A9E140B-5BC8-4C0A-BD15-41B9F45AB18F}.Release|Any CPU.ActiveCfg = Release|Any CPU
		{5A9E140B-5BC8-4C0A-BD15-41B9F45AB18F}.Release|Any CPU.Build.0 = Release|Any CPU
		{76ABC8AD-EF75-4C78-91B3-5E95962C9F8B}.Debug|Any CPU.ActiveCfg = Debug|Any CPU
		{76ABC8AD-EF75-4C78-91B3-5E95962C9F8B}.Debug|Any CPU.Build.0 = Debug|Any CPU
		{76ABC8AD-EF75-4C78-91B3-5E95962C9F8B}.Release|Any CPU.ActiveCfg = Release|Any CPU
		{76ABC8AD-EF75-4C78-91B3-5E95962C9F8B}.Release|Any CPU.Build.0 = Release|Any CPU
		{2CD80329-D61C-4D31-A5E0-51D24A544748}.Debug|Any CPU.ActiveCfg = Debug|Any CPU
		{2CD80329-D61C-4D31-A5E0-51D24A544748}.Debug|Any CPU.Build.0 = Debug|Any CPU
		{2CD80329-D61C-4D31-A5E0-51D24A544748}.Release|Any CPU.ActiveCfg = Release|Any CPU
		{2CD80329-D61C-4D31-A5E0-51D24A544748}.Release|Any CPU.Build.0 = Release|Any CPU
		{B0F8B8B2-6F81-46E8-A108-968DE58AB0F3}.Debug|Any CPU.ActiveCfg = Debug|Any CPU
		{B0F8B8B2-6F81-46E8-A108-968DE58AB0F3}.Debug|Any CPU.Build.0 = Debug|Any CPU
		{B0F8B8B2-6F81-46E8-A108-968DE58AB0F3}.Release|Any CPU.ActiveCfg = Release|Any CPU
		{B0F8B8B2-6F81-46E8-A108-968DE58AB0F3}.Release|Any CPU.Build.0 = Release|Any CPU
		{9B7196B6-9887-44FD-8B5A-1D16A8D6683A}.Debug|Any CPU.ActiveCfg = Debug|Any CPU
		{9B7196B6-9887-44FD-8B5A-1D16A8D6683A}.Debug|Any CPU.Build.0 = Debug|Any CPU
		{9B7196B6-9887-44FD-8B5A-1D16A8D6683A}.Release|Any CPU.ActiveCfg = Release|Any CPU
		{9B7196B6-9887-44FD-8B5A-1D16A8D6683A}.Release|Any CPU.Build.0 = Release|Any CPU
		{970D5E43-4C7A-4598-AD75-7D9C6E84D411}.Debug|Any CPU.ActiveCfg = Debug|Any CPU
		{970D5E43-4C7A-4598-AD75-7D9C6E84D411}.Debug|Any CPU.Build.0 = Debug|Any CPU
		{970D5E43-4C7A-4598-AD75-7D9C6E84D411}.Release|Any CPU.ActiveCfg = Release|Any CPU
		{970D5E43-4C7A-4598-AD75-7D9C6E84D411}.Release|Any CPU.Build.0 = Release|Any CPU
		{D8BB1F75-69EA-4AB5-94A3-45F1CA874472}.Debug|Any CPU.ActiveCfg = Debug|Any CPU
		{D8BB1F75-69EA-4AB5-94A3-45F1CA874472}.Debug|Any CPU.Build.0 = Debug|Any CPU
		{D8BB1F75-69EA-4AB5-94A3-45F1CA874472}.Release|Any CPU.ActiveCfg = Release|Any CPU
		{D8BB1F75-69EA-4AB5-94A3-45F1CA874472}.Release|Any CPU.Build.0 = Release|Any CPU
		{AA87413A-B156-4ED9-970B-4027FD7FAB5A}.Debug|Any CPU.ActiveCfg = Debug|Any CPU
		{AA87413A-B156-4ED9-970B-4027FD7FAB5A}.Debug|Any CPU.Build.0 = Debug|Any CPU
		{AA87413A-B156-4ED9-970B-4027FD7FAB5A}.Release|Any CPU.ActiveCfg = Release|Any CPU
		{AA87413A-B156-4ED9-970B-4027FD7FAB5A}.Release|Any CPU.Build.0 = Release|Any CPU
		{84043B3E-FF9E-47F5-AB26-AE57F8D2585D}.Debug|Any CPU.ActiveCfg = Debug|Any CPU
		{84043B3E-FF9E-47F5-AB26-AE57F8D2585D}.Debug|Any CPU.Build.0 = Debug|Any CPU
		{84043B3E-FF9E-47F5-AB26-AE57F8D2585D}.Release|Any CPU.ActiveCfg = Release|Any CPU
		{84043B3E-FF9E-47F5-AB26-AE57F8D2585D}.Release|Any CPU.Build.0 = Release|Any CPU
		{C00B7060-A56F-4F4B-AC01-F6BBD2E1595D}.Debug|Any CPU.ActiveCfg = Debug|Any CPU
		{C00B7060-A56F-4F4B-AC01-F6BBD2E1595D}.Debug|Any CPU.Build.0 = Debug|Any CPU
		{C00B7060-A56F-4F4B-AC01-F6BBD2E1595D}.Release|Any CPU.ActiveCfg = Release|Any CPU
		{C00B7060-A56F-4F4B-AC01-F6BBD2E1595D}.Release|Any CPU.Build.0 = Release|Any CPU
		{8DA109BB-4E0B-4DB7-A6DB-1B2FE6490505}.Debug|Any CPU.ActiveCfg = Debug|Any CPU
		{8DA109BB-4E0B-4DB7-A6DB-1B2FE6490505}.Debug|Any CPU.Build.0 = Debug|Any CPU
		{8DA109BB-4E0B-4DB7-A6DB-1B2FE6490505}.Release|Any CPU.ActiveCfg = Release|Any CPU
		{8DA109BB-4E0B-4DB7-A6DB-1B2FE6490505}.Release|Any CPU.Build.0 = Release|Any CPU
		{68DC4019-9E19-40A3-9FC4-1E563BCF4D97}.Debug|Any CPU.ActiveCfg = Debug|Any CPU
		{68DC4019-9E19-40A3-9FC4-1E563BCF4D97}.Debug|Any CPU.Build.0 = Debug|Any CPU
		{68DC4019-9E19-40A3-9FC4-1E563BCF4D97}.Release|Any CPU.ActiveCfg = Release|Any CPU
		{68DC4019-9E19-40A3-9FC4-1E563BCF4D97}.Release|Any CPU.Build.0 = Release|Any CPU
		{B6A8C661-3984-46F3-AD2A-683659B0A6FD}.Debug|Any CPU.ActiveCfg = Debug|Any CPU
		{B6A8C661-3984-46F3-AD2A-683659B0A6FD}.Debug|Any CPU.Build.0 = Debug|Any CPU
		{B6A8C661-3984-46F3-AD2A-683659B0A6FD}.Release|Any CPU.ActiveCfg = Release|Any CPU
		{B6A8C661-3984-46F3-AD2A-683659B0A6FD}.Release|Any CPU.Build.0 = Release|Any CPU
		{369AC71F-DF68-48A6-B495-858374E56B9E}.Debug|Any CPU.ActiveCfg = Debug|Any CPU
		{369AC71F-DF68-48A6-B495-858374E56B9E}.Debug|Any CPU.Build.0 = Debug|Any CPU
		{369AC71F-DF68-48A6-B495-858374E56B9E}.Release|Any CPU.ActiveCfg = Release|Any CPU
		{369AC71F-DF68-48A6-B495-858374E56B9E}.Release|Any CPU.Build.0 = Release|Any CPU
		{8AFBB7BA-D67A-4E1E-B7CB-A85C290C02F2}.Debug|Any CPU.ActiveCfg = Debug|Any CPU
		{8AFBB7BA-D67A-4E1E-B7CB-A85C290C02F2}.Debug|Any CPU.Build.0 = Debug|Any CPU
		{8AFBB7BA-D67A-4E1E-B7CB-A85C290C02F2}.Release|Any CPU.ActiveCfg = Release|Any CPU
		{8AFBB7BA-D67A-4E1E-B7CB-A85C290C02F2}.Release|Any CPU.Build.0 = Release|Any CPU
	EndGlobalSection
	GlobalSection(SolutionProperties) = preSolution
		HideSolutionNode = FALSE
	EndGlobalSection
	GlobalSection(NestedProjects) = preSolution
		{5A9E140B-5BC8-4C0A-BD15-41B9F45AB18F} = {26C1B067-003A-4B57-8626-5070EAD35399}
		{76ABC8AD-EF75-4C78-91B3-5E95962C9F8B} = {26C1B067-003A-4B57-8626-5070EAD35399}
		{2CD80329-D61C-4D31-A5E0-51D24A544748} = {26C1B067-003A-4B57-8626-5070EAD35399}
		{B0F8B8B2-6F81-46E8-A108-968DE58AB0F3} = {26C1B067-003A-4B57-8626-5070EAD35399}
		{9B7196B6-9887-44FD-8B5A-1D16A8D6683A} = {26C1B067-003A-4B57-8626-5070EAD35399}
		{970D5E43-4C7A-4598-AD75-7D9C6E84D411} = {26C1B067-003A-4B57-8626-5070EAD35399}
		{D8BB1F75-69EA-4AB5-94A3-45F1CA874472} = {26C1B067-003A-4B57-8626-5070EAD35399}
		{AA87413A-B156-4ED9-970B-4027FD7FAB5A} = {26C1B067-003A-4B57-8626-5070EAD35399}
		{84043B3E-FF9E-47F5-AB26-AE57F8D2585D} = {26C1B067-003A-4B57-8626-5070EAD35399}
		{C00B7060-A56F-4F4B-AC01-F6BBD2E1595D} = {26C1B067-003A-4B57-8626-5070EAD35399}
		{8DA109BB-4E0B-4DB7-A6DB-1B2FE6490505} = {26C1B067-003A-4B57-8626-5070EAD35399}
		{68DC4019-9E19-40A3-9FC4-1E563BCF4D97} = {26C1B067-003A-4B57-8626-5070EAD35399}
		{B6A8C661-3984-46F3-AD2A-683659B0A6FD} = {DC90B304-2FAA-4224-8839-E7ADDC5DD37E}
		{369AC71F-DF68-48A6-B495-858374E56B9E} = {26C1B067-003A-4B57-8626-5070EAD35399}
		{8AFBB7BA-D67A-4E1E-B7CB-A85C290C02F2} = {DC90B304-2FAA-4224-8839-E7ADDC5DD37E}
	EndGlobalSection
EndGlobal
